
Microsoft Visual Studio Solution File, Format Version 12.00
# Visual Studio 2013
VisualStudioVersion = 12.0.40629.0
MinimumVisualStudioVersion = 10.0.40219.1
Project("{00D1A9C2-B5F0-4AF3-8072-F6C62B433612}") = "local.dbaid.database", "Local.DBAid.Database\local.dbaid.database.sqlproj", "{30BBB9FF-8CB9-44CB-B27E-D722FA8552E4}"
EndProject
Project("{FAE04EC0-301F-11D3-BF4B-00C04F79EFBC}") = "local.dbaid.collector", "Local.DBAid.Collector\local.dbaid.collector.csproj", "{A55B67DB-74C8-4DB1-AAB3-003E8B53531B}"
EndProject
Project("{FAE04EC0-301F-11D3-BF4B-00C04F79EFBC}") = "server.dbaid.keygen", "server.dbaid.keygen\server.dbaid.keygen.csproj", "{C991C01E-FF93-44B1-B0B3-ED9DA3BBA47D}"
EndProject
Project("{FAE04EC0-301F-11D3-BF4B-00C04F79EFBC}") = "local.dbaid.checkmk", "local.dbaid.checkmk\local.dbaid.checkmk.csproj", "{117BF6E5-916A-4060-982E-D7B0C1CDA6DD}"
EndProject
Project("{FAE04EC0-301F-11D3-BF4B-00C04F79EFBC}") = "server.dbaid.extractor", "server.dbaid.extractor\server.dbaid.extractor.csproj", "{78539DEC-2C2F-4724-9265-7FA639727B42}"
EndProject
Project("{FAE04EC0-301F-11D3-BF4B-00C04F79EFBC}") = "dbaid.common", "dbaid.common\dbaid.common.csproj", "{A98BE846-DF13-4861-B963-7BAB212E8D4B}"
EndProject
Project("{FAE04EC0-301F-11D3-BF4B-00C04F79EFBC}") = "local.dbaid.configg", "local.dbaid.configg\local.dbaid.configg.csproj", "{65C90572-6278-464C-A1E2-B4087388D85F}"
EndProject
Global
	GlobalSection(TeamFoundationVersionControl) = preSolution
		SccNumberOfProjects = 8
		SccEnterpriseProvider = {4CA58AB2-18FA-4F8D-95D4-32DDF27D184C}
		SccTeamFoundationServer = https://tfs.codeplex.com/tfs/tfs35
		SccLocalPath0 = .
		SccProjectUniqueName1 = Local.DBAid.Collector\\local.dbaid.collector.csproj
		SccProjectName1 = Local.DBAid.Collector
		SccLocalPath1 = Local.DBAid.Collector
		SccProjectUniqueName2 = Local.DBAid.Database\\local.dbaid.database.sqlproj
		SccProjectName2 = Local.DBAid.Database
		SccLocalPath2 = Local.DBAid.Database
		SccProjectUniqueName3 = server.dbaid.keygen\\server.dbaid.keygen.csproj
		SccProjectName3 = server.dbaid.keygen
		SccLocalPath3 = server.dbaid.keygen
		SccProjectUniqueName4 = local.dbaid.checkmk\\local.dbaid.checkmk.csproj
		SccProjectName4 = local.dbaid.checkmk
		SccLocalPath4 = local.dbaid.checkmk
		SccProjectUniqueName5 = server.dbaid.extractor\\server.dbaid.extractor.csproj
		SccProjectName5 = server.dbaid.extractor
		SccLocalPath5 = server.dbaid.extractor
		SccProjectUniqueName6 = dbaid.common\\dbaid.common.csproj
		SccProjectName6 = dbaid.common
		SccLocalPath6 = dbaid.common
		SccProjectUniqueName7 = local.dbaid.configg\\local.dbaid.configg.csproj
		SccProjectName7 = local.dbaid.configg
		SccLocalPath7 = local.dbaid.configg
	EndGlobalSection
	GlobalSection(SolutionConfigurationPlatforms) = preSolution
		Debug|Any CPU = Debug|Any CPU
		Debug|x86 = Debug|x86
		Release|Any CPU = Release|Any CPU
		Release|x86 = Release|x86
	EndGlobalSection
	GlobalSection(ProjectConfigurationPlatforms) = postSolution
		{30BBB9FF-8CB9-44CB-B27E-D722FA8552E4}.Debug|Any CPU.ActiveCfg = Debug|Any CPU
		{30BBB9FF-8CB9-44CB-B27E-D722FA8552E4}.Debug|Any CPU.Build.0 = Debug|Any CPU
		{30BBB9FF-8CB9-44CB-B27E-D722FA8552E4}.Debug|x86.ActiveCfg = Debug|x86
		{30BBB9FF-8CB9-44CB-B27E-D722FA8552E4}.Debug|x86.Build.0 = Debug|x86
		{30BBB9FF-8CB9-44CB-B27E-D722FA8552E4}.Debug|x86.Deploy.0 = Debug|x86
		{30BBB9FF-8CB9-44CB-B27E-D722FA8552E4}.Release|Any CPU.ActiveCfg = Release|Any CPU
		{30BBB9FF-8CB9-44CB-B27E-D722FA8552E4}.Release|Any CPU.Build.0 = Release|Any CPU
		{30BBB9FF-8CB9-44CB-B27E-D722FA8552E4}.Release|x86.ActiveCfg = Release|x86
		{30BBB9FF-8CB9-44CB-B27E-D722FA8552E4}.Release|x86.Build.0 = Release|x86
		{30BBB9FF-8CB9-44CB-B27E-D722FA8552E4}.Release|x86.Deploy.0 = Release|x86
		{A55B67DB-74C8-4DB1-AAB3-003E8B53531B}.Debug|Any CPU.ActiveCfg = Debug|Any CPU
		{A55B67DB-74C8-4DB1-AAB3-003E8B53531B}.Debug|Any CPU.Build.0 = Debug|Any CPU
		{A55B67DB-74C8-4DB1-AAB3-003E8B53531B}.Debug|x86.ActiveCfg = Debug|x86
		{A55B67DB-74C8-4DB1-AAB3-003E8B53531B}.Debug|x86.Build.0 = Debug|x86
		{A55B67DB-74C8-4DB1-AAB3-003E8B53531B}.Release|Any CPU.ActiveCfg = Release|Any CPU
		{A55B67DB-74C8-4DB1-AAB3-003E8B53531B}.Release|Any CPU.Build.0 = Release|Any CPU
		{A55B67DB-74C8-4DB1-AAB3-003E8B53531B}.Release|x86.ActiveCfg = Release|x86
		{A55B67DB-74C8-4DB1-AAB3-003E8B53531B}.Release|x86.Build.0 = Release|x86
		{C991C01E-FF93-44B1-B0B3-ED9DA3BBA47D}.Debug|Any CPU.ActiveCfg = Debug|Any CPU
		{C991C01E-FF93-44B1-B0B3-ED9DA3BBA47D}.Debug|Any CPU.Build.0 = Debug|Any CPU
		{C991C01E-FF93-44B1-B0B3-ED9DA3BBA47D}.Debug|x86.ActiveCfg = Debug|x86
		{C991C01E-FF93-44B1-B0B3-ED9DA3BBA47D}.Debug|x86.Build.0 = Debug|x86
		{C991C01E-FF93-44B1-B0B3-ED9DA3BBA47D}.Release|Any CPU.ActiveCfg = Release|Any CPU
		{C991C01E-FF93-44B1-B0B3-ED9DA3BBA47D}.Release|Any CPU.Build.0 = Release|Any CPU
		{C991C01E-FF93-44B1-B0B3-ED9DA3BBA47D}.Release|x86.ActiveCfg = Release|x86
		{C991C01E-FF93-44B1-B0B3-ED9DA3BBA47D}.Release|x86.Build.0 = Release|x86
		{117BF6E5-916A-4060-982E-D7B0C1CDA6DD}.Debug|Any CPU.ActiveCfg = Debug|Any CPU
		{117BF6E5-916A-4060-982E-D7B0C1CDA6DD}.Debug|Any CPU.Build.0 = Debug|Any CPU
		{117BF6E5-916A-4060-982E-D7B0C1CDA6DD}.Debug|x86.ActiveCfg = Debug|x86
		{117BF6E5-916A-4060-982E-D7B0C1CDA6DD}.Debug|x86.Build.0 = Debug|x86
		{117BF6E5-916A-4060-982E-D7B0C1CDA6DD}.Release|Any CPU.ActiveCfg = Release|Any CPU
		{117BF6E5-916A-4060-982E-D7B0C1CDA6DD}.Release|Any CPU.Build.0 = Release|Any CPU
		{117BF6E5-916A-4060-982E-D7B0C1CDA6DD}.Release|x86.ActiveCfg = Release|x86
		{117BF6E5-916A-4060-982E-D7B0C1CDA6DD}.Release|x86.Build.0 = Release|x86
		{78539DEC-2C2F-4724-9265-7FA639727B42}.Debug|Any CPU.ActiveCfg = Debug|Any CPU
		{78539DEC-2C2F-4724-9265-7FA639727B42}.Debug|Any CPU.Build.0 = Debug|Any CPU
		{78539DEC-2C2F-4724-9265-7FA639727B42}.Debug|x86.ActiveCfg = Debug|x86
		{78539DEC-2C2F-4724-9265-7FA639727B42}.Debug|x86.Build.0 = Debug|x86
		{78539DEC-2C2F-4724-9265-7FA639727B42}.Release|Any CPU.ActiveCfg = Release|Any CPU
		{78539DEC-2C2F-4724-9265-7FA639727B42}.Release|Any CPU.Build.0 = Release|Any CPU
		{78539DEC-2C2F-4724-9265-7FA639727B42}.Release|x86.ActiveCfg = Release|x86
		{78539DEC-2C2F-4724-9265-7FA639727B42}.Release|x86.Build.0 = Release|x86
		{A98BE846-DF13-4861-B963-7BAB212E8D4B}.Debug|Any CPU.ActiveCfg = Debug|Any CPU
		{A98BE846-DF13-4861-B963-7BAB212E8D4B}.Debug|Any CPU.Build.0 = Debug|Any CPU
		{A98BE846-DF13-4861-B963-7BAB212E8D4B}.Debug|x86.ActiveCfg = Debug|x86
		{A98BE846-DF13-4861-B963-7BAB212E8D4B}.Debug|x86.Build.0 = Debug|x86
		{A98BE846-DF13-4861-B963-7BAB212E8D4B}.Release|Any CPU.ActiveCfg = Release|Any CPU
		{A98BE846-DF13-4861-B963-7BAB212E8D4B}.Release|Any CPU.Build.0 = Release|Any CPU
		{A98BE846-DF13-4861-B963-7BAB212E8D4B}.Release|x86.ActiveCfg = Release|x86
		{A98BE846-DF13-4861-B963-7BAB212E8D4B}.Release|x86.Build.0 = Release|x86
		{65C90572-6278-464C-A1E2-B4087388D85F}.Debug|Any CPU.ActiveCfg = Debug|Any CPU
		{65C90572-6278-464C-A1E2-B4087388D85F}.Debug|Any CPU.Build.0 = Debug|Any CPU
		{65C90572-6278-464C-A1E2-B4087388D85F}.Debug|x86.ActiveCfg = Debug|x86
		{65C90572-6278-464C-A1E2-B4087388D85F}.Debug|x86.Build.0 = Debug|x86
		{65C90572-6278-464C-A1E2-B4087388D85F}.Release|Any CPU.ActiveCfg = Release|Any CPU
		{65C90572-6278-464C-A1E2-B4087388D85F}.Release|Any CPU.Build.0 = Release|Any CPU
		{65C90572-6278-464C-A1E2-B4087388D85F}.Release|x86.ActiveCfg = Release|x86
		{65C90572-6278-464C-A1E2-B4087388D85F}.Release|x86.Build.0 = Release|x86
	EndGlobalSection
	GlobalSection(SolutionProperties) = preSolution
		HideSolutionNode = FALSE
	EndGlobalSection
EndGlobal
